// !$*UTF8*$!
{
	archiveVersion = 1;
	classes = {
	};
	objectVersion = 46;
	objects = {

/* Begin PBXBuildFile section */
		C9CC11CE1B319E06008E5ECC /* AppDelegate.swift in Sources */ = {isa = PBXBuildFile; fileRef = C9CC11CD1B319E06008E5ECC /* AppDelegate.swift */; };
		C9CC11D11B319E06008E5ECC /* TestSqlite.xcdatamodeld in Sources */ = {isa = PBXBuildFile; fileRef = C9CC11CF1B319E06008E5ECC /* TestSqlite.xcdatamodeld */; };
		C9CC11D31B319E06008E5ECC /* ViewController.swift in Sources */ = {isa = PBXBuildFile; fileRef = C9CC11D21B319E06008E5ECC /* ViewController.swift */; };
		C9CC11D61B319E06008E5ECC /* Main.storyboard in Resources */ = {isa = PBXBuildFile; fileRef = C9CC11D41B319E06008E5ECC /* Main.storyboard */; };
		C9CC11D81B319E06008E5ECC /* Images.xcassets in Resources */ = {isa = PBXBuildFile; fileRef = C9CC11D71B319E06008E5ECC /* Images.xcassets */; };
		C9CC11DB1B319E06008E5ECC /* LaunchScreen.xib in Resources */ = {isa = PBXBuildFile; fileRef = C9CC11D91B319E06008E5ECC /* LaunchScreen.xib */; };
		C9CC11E71B319E06008E5ECC /* TestSqliteTests.swift in Sources */ = {isa = PBXBuildFile; fileRef = C9CC11E61B319E06008E5ECC /* TestSqliteTests.swift */; };
		C9CC11F71B31A138008E5ECC /* Person.swift in Sources */ = {isa = PBXBuildFile; fileRef = C9CC11F61B31A138008E5ECC /* Person.swift */; };
		C9CC11FC1B31AC99008E5ECC /* TestSqlite.sqlite in Resources */ = {isa = PBXBuildFile; fileRef = C9CC11FB1B31AC99008E5ECC /* TestSqlite.sqlite */; };
/* End PBXBuildFile section */

/* Begin PBXContainerItemProxy section */
		C9CC11E11B319E06008E5ECC /* PBXContainerItemProxy */ = {
			isa = PBXContainerItemProxy;
			containerPortal = C9CC11C01B319E06008E5ECC /* Project object */;
			proxyType = 1;
			remoteGlobalIDString = C9CC11C71B319E06008E5ECC;
			remoteInfo = TestSqlite;
		};
/* End PBXContainerItemProxy section */

/* Begin PBXFileReference section */
		C9CC11C81B319E06008E5ECC /* TestSqlite.app */ = {isa = PBXFileReference; explicitFileType = wrapper.application; includeInIndex = 0; path = TestSqlite.app; sourceTree = BUILT_PRODUCTS_DIR; };
		C9CC11CC1B319E06008E5ECC /* Info.plist */ = {isa = PBXFileReference; lastKnownFileType = text.plist.xml; path = Info.plist; sourceTree = "<group>"; };
		C9CC11CD1B319E06008E5ECC /* AppDelegate.swift */ = {isa = PBXFileReference; lastKnownFileType = sourcecode.swift; path = AppDelegate.swift; sourceTree = "<group>"; };
		C9CC11D01B319E06008E5ECC /* TestSqlite.xcdatamodel */ = {isa = PBXFileReference; lastKnownFileType = wrapper.xcdatamodel; path = TestSqlite.xcdatamodel; sourceTree = "<group>"; };
		C9CC11D21B319E06008E5ECC /* ViewController.swift */ = {isa = PBXFileReference; lastKnownFileType = sourcecode.swift; path = ViewController.swift; sourceTree = "<group>"; };
		C9CC11D51B319E06008E5ECC /* Base */ = {isa = PBXFileReference; lastKnownFileType = file.storyboard; name = Base; path = Base.lproj/Main.storyboard; sourceTree = "<group>"; };
		C9CC11D71B319E06008E5ECC /* Images.xcassets */ = {isa = PBXFileReference; lastKnownFileType = folder.assetcatalog; path = Images.xcassets; sourceTree = "<group>"; };
		C9CC11DA1B319E06008E5ECC /* Base */ = {isa = PBXFileReference; lastKnownFileType = file.xib; name = Base; path = Base.lproj/LaunchScreen.xib; sourceTree = "<group>"; };
		C9CC11E01B319E06008E5ECC /* TestSqliteTests.xctest */ = {isa = PBXFileReference; explicitFileType = wrapper.cfbundle; includeInIndex = 0; path = TestSqliteTests.xctest; sourceTree = BUILT_PRODUCTS_DIR; };
		C9CC11E51B319E06008E5ECC /* Info.plist */ = {isa = PBXFileReference; lastKnownFileType = text.plist.xml; path = Info.plist; sourceTree = "<group>"; };
		C9CC11E61B319E06008E5ECC /* TestSqliteTests.swift */ = {isa = PBXFileReference; lastKnownFileType = sourcecode.swift; path = TestSqliteTests.swift; sourceTree = "<group>"; };
		C9CC11F61B31A138008E5ECC /* Person.swift */ = {isa = PBXFileReference; fileEncoding = 4; lastKnownFileType = sourcecode.swift; path = Person.swift; sourceTree = "<group>"; };
		C9CC11FB1B31AC99008E5ECC /* TestSqlite.sqlite */ = {isa = PBXFileReference; lastKnownFileType = file; path = TestSqlite.sqlite; sourceTree = "<group>"; };
/* End PBXFileReference section */

/* Begin PBXFrameworksBuildPhase section */
		C9CC11C51B319E06008E5ECC /* Frameworks */ = {
			isa = PBXFrameworksBuildPhase;
			buildActionMask = 2147483647;
			files = (
			);
			runOnlyForDeploymentPostprocessing = 0;
		};
		C9CC11DD1B319E06008E5ECC /* Frameworks */ = {
			isa = PBXFrameworksBuildPhase;
			buildActionMask = 2147483647;
			files = (
			);
			runOnlyForDeploymentPostprocessing = 0;
		};
/* End PBXFrameworksBuildPhase section */

/* Begin PBXGroup section */
		C9CC11BF1B319E06008E5ECC = {
			isa = PBXGroup;
			children = (
				C9CC11CA1B319E06008E5ECC /* TestSqlite */,
				C9CC11E31B319E06008E5ECC /* TestSqliteTests */,
				C9CC11C91B319E06008E5ECC /* Products */,
			);
			sourceTree = "<group>";
		};
		C9CC11C91B319E06008E5ECC /* Products */ = {
			isa = PBXGroup;
			children = (
				C9CC11C81B319E06008E5ECC /* TestSqlite.app */,
				C9CC11E01B319E06008E5ECC /* TestSqliteTests.xctest */,
			);
			name = Products;
			sourceTree = "<group>";
		};
		C9CC11CA1B319E06008E5ECC /* TestSqlite */ = {
			isa = PBXGroup;
			children = (
				C9CC11FB1B31AC99008E5ECC /* TestSqlite.sqlite */,
				C9CC11F61B31A138008E5ECC /* Person.swift */,
				C9CC11CD1B319E06008E5ECC /* AppDelegate.swift */,
				C9CC11D21B319E06008E5ECC /* ViewController.swift */,
				C9CC11D41B319E06008E5ECC /* Main.storyboard */,
				C9CC11D71B319E06008E5ECC /* Images.xcassets */,
				C9CC11D91B319E06008E5ECC /* LaunchScreen.xib */,
				C9CC11CF1B319E06008E5ECC /* TestSqlite.xcdatamodeld */,
				C9CC11CB1B319E06008E5ECC /* Supporting Files */,
			);
			path = TestSqlite;
			sourceTree = "<group>";
		};
		C9CC11CB1B319E06008E5ECC /* Supporting Files */ = {
			isa = PBXGroup;
			children = (
				C9CC11CC1B319E06008E5ECC /* Info.plist */,
			);
			name = "Supporting Files";
			sourceTree = "<group>";
		};
		C9CC11E31B319E06008E5ECC /* TestSqliteTests */ = {
			isa = PBXGroup;
			children = (
				C9CC11E61B319E06008E5ECC /* TestSqliteTests.swift */,
				C9CC11E41B319E06008E5ECC /* Supporting Files */,
			);
			path = TestSqliteTests;
			sourceTree = "<group>";
		};
		C9CC11E41B319E06008E5ECC /* Supporting Files */ = {
			isa = PBXGroup;
			children = (
				C9CC11E51B319E06008E5ECC /* Info.plist */,
			);
			name = "Supporting Files";
			sourceTree = "<group>";
		};
/* End PBXGroup section */

/* Begin PBXNativeTarget section */
		C9CC11C71B319E06008E5ECC /* TestSqlite */ = {
			isa = PBXNativeTarget;
			buildConfigurationList = C9CC11EA1B319E06008E5ECC /* Build configuration list for PBXNativeTarget "TestSqlite" */;
			buildPhases = (
				C9CC11C41B319E06008E5ECC /* Sources */,
				C9CC11C51B319E06008E5ECC /* Frameworks */,
				C9CC11C61B319E06008E5ECC /* Resources */,
			);
			buildRules = (
			);
			dependencies = (
			);
			name = TestSqlite;
			productName = TestSqlite;
			productReference = C9CC11C81B319E06008E5ECC /* TestSqlite.app */;
			productType = "com.apple.product-type.application";
		};
		C9CC11DF1B319E06008E5ECC /* TestSqliteTests */ = {
			isa = PBXNativeTarget;
			buildConfigurationList = C9CC11ED1B319E06008E5ECC /* Build configuration list for PBXNativeTarget "TestSqliteTests" */;
			buildPhases = (
				C9CC11DC1B319E06008E5ECC /* Sources */,
				C9CC11DD1B319E06008E5ECC /* Frameworks */,
				C9CC11DE1B319E06008E5ECC /* Resources */,
			);
			buildRules = (
			);
			dependencies = (
				C9CC11E21B319E06008E5ECC /* PBXTargetDependency */,
			);
			name = TestSqliteTests;
			productName = TestSqliteTests;
			productReference = C9CC11E01B319E06008E5ECC /* TestSqliteTests.xctest */;
			productType = "com.apple.product-type.bundle.unit-test";
		};
/* End PBXNativeTarget section */

/* Begin PBXProject section */
		C9CC11C01B319E06008E5ECC /* Project object */ = {
			isa = PBXProject;
			attributes = {
				LastUpgradeCheck = 0630;
				ORGANIZATIONNAME = Xstpl;
				TargetAttributes = {
					C9CC11C71B319E06008E5ECC = {
						CreatedOnToolsVersion = 6.3.1;
					};
					C9CC11DF1B319E06008E5ECC = {
						CreatedOnToolsVersion = 6.3.1;
						TestTargetID = C9CC11C71B319E06008E5ECC;
					};
				};
			};
			buildConfigurationList = C9CC11C31B319E06008E5ECC /* Build configuration list for PBXProject "TestSqlite" */;
			compatibilityVersion = "Xcode 3.2";
			developmentRegion = English;
			hasScannedForEncodings = 0;
			knownRegions = (
				en,
				Base,
			);
			mainGroup = C9CC11BF1B319E06008E5ECC;
			productRefGroup = C9CC11C91B319E06008E5ECC /* Products */;
			projectDirPath = "";
			projectRoot = "";
			targets = (
				C9CC11C71B319E06008E5ECC /* TestSqlite */,
				C9CC11DF1B319E06008E5ECC /* TestSqliteTests */,
			);
		};
/* End PBXProject section */

/* Begin PBXResourcesBuildPhase section */
		C9CC11C61B319E06008E5ECC /* Resources */ = {
			isa = PBXResourcesBuildPhase;
			buildActionMask = 2147483647;
			files = (
				C9CC11D61B319E06008E5ECC /* Main.storyboard in Resources */,
				C9CC11DB1B319E06008E5ECC /* LaunchScreen.xib in Resources */,
				C9CC11D81B319E06008E5ECC /* Images.xcassets in Resources */,
				C9CC11FC1B31AC99008E5ECC /* TestSqlite.sqlite in Resources */,
			);
			runOnlyForDeploymentPostprocessing = 0;
		};
		C9CC11DE1B319E06008E5ECC /* Resources */ = {
			isa = PBXResourcesBuildPhase;
			buildActionMask = 2147483647;
			files = (
			);
			runOnlyForDeploymentPostprocessing = 0;
		};
/* End PBXResourcesBuildPhase section */

/* Begin PBXSourcesBuildPhase section */
		C9CC11C41B319E06008E5ECC /* Sources */ = {
			isa = PBXSourcesBuildPhase;
			buildActionMask = 2147483647;
			files = (
				C9CC11D31B319E06008E5ECC /* ViewController.swift in Sources */,
				C9CC11CE1B319E06008E5ECC /* AppDelegate.swift in Sources */,
				C9CC11F71B31A138008E5ECC /* Person.swift in Sources */,
				C9CC11D11B319E06008E5ECC /* TestSqlite.xcdatamodeld in Sources */,
			);
			runOnlyForDeploymentPostprocessing = 0;
		};
		C9CC11DC1B319E06008E5ECC /* Sources */ = {
			isa = PBXSourcesBuildPhase;
			buildActionMask = 2147483647;
			files = (
				C9CC11E71B319E06008E5ECC /* TestSqliteTests.swift in Sources */,
			);
			runOnlyForDeploymentPostprocessing = 0;
		};
/* End PBXSourcesBuildPhase section */

/* Begin PBXTargetDependency section */
		C9CC11E21B319E06008E5ECC /* PBXTargetDependency */ = {
			isa = PBXTargetDependency;
			target = C9CC11C71B319E06008E5ECC /* TestSqlite */;
			targetProxy = C9CC11E11B319E06008E5ECC /* PBXContainerItemProxy */;
		};
/* End PBXTargetDependency section */

/* Begin PBXVariantGroup section */
		C9CC11D41B319E06008E5ECC /* Main.storyboard */ = {
			isa = PBXVariantGroup;
			children = (
				C9CC11D51B319E06008E5ECC /* Base */,
			);
			name = Main.storyboard;
			sourceTree = "<group>";
		};
		C9CC11D91B319E06008E5ECC /* LaunchScreen.xib */ = {
			isa = PBXVariantGroup;
			children = (
				C9CC11DA1B319E06008E5ECC /* Base */,
			);
			name = LaunchScreen.xib;
			sourceTree = "<group>";
		};
/* End PBXVariantGroup section */

/* Begin XCBuildConfiguration section */
		C9CC11E81B319E06008E5ECC /* Debug */ = {
			isa = XCBuildConfiguration;
			buildSettings = {
				ALWAYS_SEARCH_USER_PATHS = NO;
				CLANG_CXX_LANGUAGE_STANDARD = "gnu++0x";
				CLANG_CXX_LIBRARY = "libc++";
				CLANG_ENABLE_MODULES = YES;
				CLANG_ENABLE_OBJC_ARC = YES;
				CLANG_WARN_BOOL_CONVERSION = YES;
				CLANG_WARN_CONSTANT_CONVERSION = YES;
				CLANG_WARN_DIRECT_OBJC_ISA_USAGE = YES_ERROR;
				CLANG_WARN_EMPTY_BODY = YES;
				CLANG_WARN_ENUM_CONVERSION = YES;
				CLANG_WARN_INT_CONVERSION = YES;
				CLANG_WARN_OBJC_ROOT_CLASS = YES_ERROR;
				CLANG_WARN_UNREACHABLE_CODE = YES;
				CLANG_WARN__DUPLICATE_METHOD_MATCH = YES;
				"CODE_SIGN_IDENTITY[sdk=iphoneos*]" = "iPhone Developer";
				COPY_PHASE_STRIP = NO;
				DEBUG_INFORMATION_FORMAT = "dwarf-with-dsym";
				ENABLE_STRICT_OBJC_MSGSEND = YES;
				GCC_C_LANGUAGE_STANDARD = gnu99;
				GCC_DYNAMIC_NO_PIC = NO;
				GCC_NO_COMMON_BLOCKS = YES;
				GCC_OPTIMIZATION_LEVEL = 0;
				GCC_PREPROCESSOR_DEFINITIONS = (
					"DEBUG=1",
					"$(inherited)",
				);
				GCC_SYMBOLS_PRIVATE_EXTERN = NO;
				GCC_WARN_64_TO_32_BIT_CONVERSION = YES;
				GCC_WARN_ABOUT_RETURN_TYPE = YES_ERROR;
				GCC_WARN_UNDECLARED_SELECTOR = YES;
				GCC_WARN_UNINITIALIZED_AUTOS = YES_AGGRESSIVE;
				GCC_WARN_UNUSED_FUNCTION = YES;
				GCC_WARN_UNUSED_VARIABLE = YES;
				IPHONEOS_DEPLOYMENT_TARGET = 8.3;
				MTL_ENABLE_DEBUG_INFO = YES;
				ONLY_ACTIVE_ARCH = YES;
				SDKROOT = iphoneos;
				SWIFT_OPTIMIZATION_LEVEL = "-Onone";
			};
			name = Debug;
		};
		C9CC11E91B319E06008E5ECC /* Release */ = {
			isa = XCBuildConfiguration;
			buildSettings = {
				ALWAYS_SEARCH_USER_PATHS = NO;
				CLANG_CXX_LANGUAGE_STANDARD = "gnu++0x";
				CLANG_CXX_LIBRARY = "libc++";
				CLANG_ENABLE_MODULES = YES;
				CLANG_ENABLE_OBJC_ARC = YES;
				CLANG_WARN_BOOL_CONVERSION = YES;
				CLANG_WARN_CONSTANT_CONVERSION = YES;
				CLANG_WARN_DIRECT_OBJC_ISA_USAGE = YES_ERROR;
				CLANG_WARN_EMPTY_BODY = YES;
				CLANG_WARN_ENUM_CONVERSION = YES;
				CLANG_WARN_INT_CONVERSION = YES;
				CLANG_WARN_OBJC_ROOT_CLASS = YES_ERROR;
				CLANG_WARN_UNREACHABLE_CODE = YES;
				CLANG_WARN__DUPLICATE_METHOD_MATCH = YES;
				"CODE_SIGN_IDENTITY[sdk=iphoneos*]" = "iPhone Developer";
				COPY_PHASE_STRIP = NO;
				DEBUG_INFORMATION_FORMAT = "dwarf-with-dsym";
				ENABLE_NS_ASSERTIONS = NO;
				ENABLE_STRICT_OBJC_MSGSEND = YES;
				GCC_C_LANGUAGE_STANDARD = gnu99;
				GCC_NO_COMMON_BLOCKS = YES;
				GCC_WARN_64_TO_32_BIT_CONVERSION = YES;
				GCC_WARN_ABOUT_RETURN_TYPE = YES_ERROR;
				GCC_WARN_UNDECLARED_SELECTOR = YES;
				GCC_WARN_UNINITIALIZED_AUTOS = YES_AGGRESSIVE;
				GCC_WARN_UNUSED_FUNCTION = YES;
				GCC_WARN_UNUSED_VARIABLE = YES;
				IPHONEOS_DEPLOYMENT_TARGET = 8.3;
				MTL_ENABLE_DEBUG_INFO = NO;
				SDKROOT = iphoneos;
				VALIDATE_PRODUCT = YES;
			};
			name = Release;
		};
		C9CC11EB1B319E06008E5ECC /* Debug */ = {
			isa = XCBuildConfiguration;
			buildSettings = {
				ASSETCATALOG_COMPILER_APPICON_NAME = AppIcon;
				INFOPLIST_FILE = TestSqlite/Info.plist;
				LD_RUNPATH_SEARCH_PATHS = "$(inherited) @executable_path/Frameworks";
				PRODUCT_NAME = "$(TARGET_NAME)";
			};
			name = Debug;
		};
		C9CC11EC1B319E06008E5ECC /* Release */ = {
			isa = XCBuildConfiguration;
			buildSettings = {
				ASSETCATALOG_COMPILER_APPICON_NAME = AppIcon;
				INFOPLIST_FILE = TestSqlite/Info.plist;
				LD_RUNPATH_SEARCH_PATHS = "$(inherited) @executable_path/Frameworks";
				PRODUCT_NAME = "$(TARGET_NAME)";
			};
			name = Release;
		};
		C9CC11EE1B319E06008E5ECC /* Debug */ = {
			isa = XCBuildConfiguration;
			buildSettings = {
				BUNDLE_LOADER = "$(TEST_HOST)";
				FRAMEWORK_SEARCH_PATHS = (
					"$(SDKROOT)/Developer/Library/Frameworks",
					"$(inherited)",
				);
				GCC_PREPROCESSOR_DEFINITIONS = (
					"DEBUG=1",
					"$(inherited)",
				);
				INFOPLIST_FILE = TestSqliteTests/Info.plist;
				LD_RUNPATH_SEARCH_PATHS = "$(inherited) @executable_path/Frameworks @loader_path/Frameworks";
				PRODUCT_NAME = "$(TARGET_NAME)";
				TEST_HOST = "$(BUILT_PRODUCTS_DIR)/TestSqlite.app/TestSqlite";
			};
			name = Debug;
		};
		C9CC11EF1B319E06008E5ECC /* Release */ = {
			isa = XCBuildConfiguration;
			buildSettings = {
				BUNDLE_LOADER = "$(TEST_HOST)";
				FRAMEWORK_SEARCH_PATHS = (
					"$(SDKROOT)/Developer/Library/Frameworks",
					"$(inherited)",
				);
				INFOPLIST_FILE = TestSqliteTests/Info.plist;
				LD_RUNPATH_SEARCH_PATHS = "$(inherited) @executable_path/Frameworks @loader_path/Frameworks";
				PRODUCT_NAME = "$(TARGET_NAME)";
				TEST_HOST = "$(BUILT_PRODUCTS_DIR)/TestSqlite.app/TestSqlite";
			};
			name = Release;
		};
/* End XCBuildConfiguration section */

/* Begin XCConfigurationList section */
		C9CC11C31B319E06008E5ECC /* Build configuration list for PBXProject "TestSqlite" */ = {
			isa = XCConfigurationList;
			buildConfigurations = (
				C9CC11E81B319E06008E5ECC /* Debug */,
				C9CC11E91B319E06008E5ECC /* Release */,
			);
			defaultConfigurationIsVisible = 0;
			defaultConfigurationName = Release;
		};
		C9CC11EA1B319E06008E5ECC /* Build configuration list for PBXNativeTarget "TestSqlite" */ = {
			isa = XCConfigurationList;
			buildConfigurations = (
				C9CC11EB1B319E06008E5ECC /* Debug */,
				C9CC11EC1B319E06008E5ECC /* Release */,
			);
			defaultConfigurationIsVisible = 0;
		};
		C9CC11ED1B319E06008E5ECC /* Build configuration list for PBXNativeTarget "TestSqliteTests" */ = {
			isa = XCConfigurationList;
			buildConfigurations = (
				C9CC11EE1B319E06008E5ECC /* Debug */,
				C9CC11EF1B319E06008E5ECC /* Release */,
			);
			defaultConfigurationIsVisible = 0;
		};
/* End XCConfigurationList section */

/* Begin XCVersionGroup section */
		C9CC11CF1B319E06008E5ECC /* TestSqlite.xcdatamodeld */ = {
			isa = XCVersionGroup;
			children = (
				C9CC11D01B319E06008E5ECC /* TestSqlite.xcdatamodel */,
			);
			currentVersion = C9CC11D01B319E06008E5ECC /* TestSqlite.xcdatamodel */;
			path = TestSqlite.xcdatamodeld;
			sourceTree = "<group>";
			versionGroupType = wrapper.xcdatamodel;
		};
/* End XCVersionGroup section */
	};
	rootObject = C9CC11C01B319E06008E5ECC /* Project object */;
}
